// !$*UTF8*$!
{
	archiveVersion = 1;
	classes = {
	};
	objectVersion = 50;
	objects = {

/* Begin PBXBuildFile section */
		B8340F8321DBD29700F0984C /* AppDelegate.swift in Sources */ = {isa = PBXBuildFile; fileRef = B8340F8221DBD29700F0984C /* AppDelegate.swift */; };
		B8340F8521DBD29700F0984C /* ViewController.swift in Sources */ = {isa = PBXBuildFile; fileRef = B8340F8421DBD29700F0984C /* ViewController.swift */; };
		B8340F8821DBD29700F0984C /* Main.storyboard in Resources */ = {isa = PBXBuildFile; fileRef = B8340F8621DBD29700F0984C /* Main.storyboard */; };
		B8340F8A21DBD29800F0984C /* Assets.xcassets in Resources */ = {isa = PBXBuildFile; fileRef = B8340F8921DBD29800F0984C /* Assets.xcassets */; };
		B8340F8D21DBD29800F0984C /* LaunchScreen.storyboard in Resources */ = {isa = PBXBuildFile; fileRef = B8340F8B21DBD29800F0984C /* LaunchScreen.storyboard */; };
		B8340F9821DBD29900F0984C /* OnTheMapTests.swift in Sources */ = {isa = PBXBuildFile; fileRef = B8340F9721DBD29900F0984C /* OnTheMapTests.swift */; };
		B8340FA321DBD29900F0984C /* OnTheMapUITests.swift in Sources */ = {isa = PBXBuildFile; fileRef = B8340FA221DBD29900F0984C /* OnTheMapUITests.swift */; };
/* End PBXBuildFile section */

/* Begin PBXContainerItemProxy section */
		B8340F9421DBD29900F0984C /* PBXContainerItemProxy */ = {
			isa = PBXContainerItemProxy;
			containerPortal = B8340F7721DBD29700F0984C /* Project object */;
			proxyType = 1;
			remoteGlobalIDString = B8340F7E21DBD29700F0984C;
			remoteInfo = OnTheMap;
		};
		B8340F9F21DBD29900F0984C /* PBXContainerItemProxy */ = {
			isa = PBXContainerItemProxy;
			containerPortal = B8340F7721DBD29700F0984C /* Project object */;
			proxyType = 1;
			remoteGlobalIDString = B8340F7E21DBD29700F0984C;
			remoteInfo = OnTheMap;
		};
/* End PBXContainerItemProxy section */

/* Begin PBXFileReference section */
		B8340F7F21DBD29700F0984C /* OnTheMap.app */ = {isa = PBXFileReference; explicitFileType = wrapper.application; includeInIndex = 0; path = OnTheMap.app; sourceTree = BUILT_PRODUCTS_DIR; };
		B8340F8221DBD29700F0984C /* AppDelegate.swift */ = {isa = PBXFileReference; lastKnownFileType = sourcecode.swift; path = AppDelegate.swift; sourceTree = "<group>"; };
		B8340F8421DBD29700F0984C /* ViewController.swift */ = {isa = PBXFileReference; lastKnownFileType = sourcecode.swift; path = ViewController.swift; sourceTree = "<group>"; };
		B8340F8721DBD29700F0984C /* Base */ = {isa = PBXFileReference; lastKnownFileType = file.storyboard; name = Base; path = Base.lproj/Main.storyboard; sourceTree = "<group>"; };
		B8340F8921DBD29800F0984C /* Assets.xcassets */ = {isa = PBXFileReference; lastKnownFileType = folder.assetcatalog; path = Assets.xcassets; sourceTree = "<group>"; };
		B8340F8C21DBD29800F0984C /* Base */ = {isa = PBXFileReference; lastKnownFileType = file.storyboard; name = Base; path = Base.lproj/LaunchScreen.storyboard; sourceTree = "<group>"; };
		B8340F8E21DBD29800F0984C /* Info.plist */ = {isa = PBXFileReference; lastKnownFileType = text.plist.xml; path = Info.plist; sourceTree = "<group>"; };
		B8340F9321DBD29900F0984C /* OnTheMapTests.xctest */ = {isa = PBXFileReference; explicitFileType = wrapper.cfbundle; includeInIndex = 0; path = OnTheMapTests.xctest; sourceTree = BUILT_PRODUCTS_DIR; };
		B8340F9721DBD29900F0984C /* OnTheMapTests.swift */ = {isa = PBXFileReference; lastKnownFileType = sourcecode.swift; path = OnTheMapTests.swift; sourceTree = "<group>"; };
		B8340F9921DBD29900F0984C /* Info.plist */ = {isa = PBXFileReference; lastKnownFileType = text.plist.xml; path = Info.plist; sourceTree = "<group>"; };
		B8340F9E21DBD29900F0984C /* OnTheMapUITests.xctest */ = {isa = PBXFileReference; explicitFileType = wrapper.cfbundle; includeInIndex = 0; path = OnTheMapUITests.xctest; sourceTree = BUILT_PRODUCTS_DIR; };
		B8340FA221DBD29900F0984C /* OnTheMapUITests.swift */ = {isa = PBXFileReference; lastKnownFileType = sourcecode.swift; path = OnTheMapUITests.swift; sourceTree = "<group>"; };
		B8340FA421DBD29900F0984C /* Info.plist */ = {isa = PBXFileReference; lastKnownFileType = text.plist.xml; path = Info.plist; sourceTree = "<group>"; };
/* End PBXFileReference section */

/* Begin PBXFrameworksBuildPhase section */
		B8340F7C21DBD29700F0984C /* Frameworks */ = {
			isa = PBXFrameworksBuildPhase;
			buildActionMask = 2147483647;
			files = (
			);
			runOnlyForDeploymentPostprocessing = 0;
		};
		B8340F9021DBD29900F0984C /* Frameworks */ = {
			isa = PBXFrameworksBuildPhase;
			buildActionMask = 2147483647;
			files = (
			);
			runOnlyForDeploymentPostprocessing = 0;
		};
		B8340F9B21DBD29900F0984C /* Frameworks */ = {
			isa = PBXFrameworksBuildPhase;
			buildActionMask = 2147483647;
			files = (
			);
			runOnlyForDeploymentPostprocessing = 0;
		};
/* End PBXFrameworksBuildPhase section */

/* Begin PBXGroup section */
		B8340F7621DBD29700F0984C = {
			isa = PBXGroup;
			children = (
				B8340F8121DBD29700F0984C /* OnTheMap */,
				B8340F9621DBD29900F0984C /* OnTheMapTests */,
				B8340FA121DBD29900F0984C /* OnTheMapUITests */,
				B8340F8021DBD29700F0984C /* Products */,
			);
			sourceTree = "<group>";
		};
		B8340F8021DBD29700F0984C /* Products */ = {
			isa = PBXGroup;
			children = (
				B8340F7F21DBD29700F0984C /* OnTheMap.app */,
				B8340F9321DBD29900F0984C /* OnTheMapTests.xctest */,
				B8340F9E21DBD29900F0984C /* OnTheMapUITests.xctest */,
			);
			name = Products;
			sourceTree = "<group>";
		};
		B8340F8121DBD29700F0984C /* OnTheMap */ = {
			isa = PBXGroup;
			children = (
				B8340F8221DBD29700F0984C /* AppDelegate.swift */,
				B8340F8421DBD29700F0984C /* ViewController.swift */,
				B8340F8621DBD29700F0984C /* Main.storyboard */,
				B8340F8921DBD29800F0984C /* Assets.xcassets */,
				B8340F8B21DBD29800F0984C /* LaunchScreen.storyboard */,
				B8340F8E21DBD29800F0984C /* Info.plist */,
			);
			path = OnTheMap;
			sourceTree = "<group>";
		};
		B8340F9621DBD29900F0984C /* OnTheMapTests */ = {
			isa = PBXGroup;
			children = (
				B8340F9721DBD29900F0984C /* OnTheMapTests.swift */,
				B8340F9921DBD29900F0984C /* Info.plist */,
			);
			path = OnTheMapTests;
			sourceTree = "<group>";
		};
		B8340FA121DBD29900F0984C /* OnTheMapUITests */ = {
			isa = PBXGroup;
			children = (
				B8340FA221DBD29900F0984C /* OnTheMapUITests.swift */,
				B8340FA421DBD29900F0984C /* Info.plist */,
			);
			path = OnTheMapUITests;
			sourceTree = "<group>";
		};
/* End PBXGroup section */

/* Begin PBXNativeTarget section */
		B8340F7E21DBD29700F0984C /* OnTheMap */ = {
			isa = PBXNativeTarget;
			buildConfigurationList = B8340FA721DBD29900F0984C /* Build configuration list for PBXNativeTarget "OnTheMap" */;
			buildPhases = (
				B8340F7B21DBD29700F0984C /* Sources */,
				B8340F7C21DBD29700F0984C /* Frameworks */,
				B8340F7D21DBD29700F0984C /* Resources */,
			);
			buildRules = (
			);
			dependencies = (
			);
			name = OnTheMap;
			productName = OnTheMap;
			productReference = B8340F7F21DBD29700F0984C /* OnTheMap.app */;
			productType = "com.apple.product-type.application";
		};
		B8340F9221DBD29900F0984C /* OnTheMapTests */ = {
			isa = PBXNativeTarget;
			buildConfigurationList = B8340FAA21DBD29900F0984C /* Build configuration list for PBXNativeTarget "OnTheMapTests" */;
			buildPhases = (
				B8340F8F21DBD29900F0984C /* Sources */,
				B8340F9021DBD29900F0984C /* Frameworks */,
				B8340F9121DBD29900F0984C /* Resources */,
			);
			buildRules = (
			);
			dependencies = (
				B8340F9521DBD29900F0984C /* PBXTargetDependency */,
			);
			name = OnTheMapTests;
			productName = OnTheMapTests;
			productReference = B8340F9321DBD29900F0984C /* OnTheMapTests.xctest */;
			productType = "com.apple.product-type.bundle.unit-test";
		};
		B8340F9D21DBD29900F0984C /* OnTheMapUITests */ = {
			isa = PBXNativeTarget;
			buildConfigurationList = B8340FAD21DBD29900F0984C /* Build configuration list for PBXNativeTarget "OnTheMapUITests" */;
			buildPhases = (
				B8340F9A21DBD29900F0984C /* Sources */,
				B8340F9B21DBD29900F0984C /* Frameworks */,
				B8340F9C21DBD29900F0984C /* Resources */,
			);
			buildRules = (
			);
			dependencies = (
				B8340FA021DBD29900F0984C /* PBXTargetDependency */,
			);
			name = OnTheMapUITests;
			productName = OnTheMapUITests;
			productReference = B8340F9E21DBD29900F0984C /* OnTheMapUITests.xctest */;
			productType = "com.apple.product-type.bundle.ui-testing";
		};
/* End PBXNativeTarget section */

/* Begin PBXProject section */
		B8340F7721DBD29700F0984C /* Project object */ = {
			isa = PBXProject;
			attributes = {
				LastSwiftUpdateCheck = 1010;
				LastUpgradeCheck = 1010;
				ORGANIZATIONNAME = "Super Madio";
				TargetAttributes = {
					B8340F7E21DBD29700F0984C = {
						CreatedOnToolsVersion = 10.1;
					};
					B8340F9221DBD29900F0984C = {
						CreatedOnToolsVersion = 10.1;
						TestTargetID = B8340F7E21DBD29700F0984C;
					};
					B8340F9D21DBD29900F0984C = {
						CreatedOnToolsVersion = 10.1;
						TestTargetID = B8340F7E21DBD29700F0984C;
					};
				};
			};
			buildConfigurationList = B8340F7A21DBD29700F0984C /* Build configuration list for PBXProject "OnTheMap" */;
			compatibilityVersion = "Xcode 9.3";
			developmentRegion = en;
			hasScannedForEncodings = 0;
			knownRegions = (
				en,
				Base,
			);
			mainGroup = B8340F7621DBD29700F0984C;
			productRefGroup = B8340F8021DBD29700F0984C /* Products */;
			projectDirPath = "";
			projectRoot = "";
			targets = (
				B8340F7E21DBD29700F0984C /* OnTheMap */,
				B8340F9221DBD29900F0984C /* OnTheMapTests */,
				B8340F9D21DBD29900F0984C /* OnTheMapUITests */,
			);
		};
/* End PBXProject section */

/* Begin PBXResourcesBuildPhase section */
		B8340F7D21DBD29700F0984C /* Resources */ = {
			isa = PBXResourcesBuildPhase;
			buildActionMask = 2147483647;
			files = (
				B8340F8D21DBD29800F0984C /* LaunchScreen.storyboard in Resources */,
				B8340F8A21DBD29800F0984C /* Assets.xcassets in Resources */,
				B8340F8821DBD29700F0984C /* Main.storyboard in Resources */,
			);
			runOnlyForDeploymentPostprocessing = 0;
		};
		B8340F9121DBD29900F0984C /* Resources */ = {
			isa = PBXResourcesBuildPhase;
			buildActionMask = 2147483647;
			files = (
			);
			runOnlyForDeploymentPostprocessing = 0;
		};
		B8340F9C21DBD29900F0984C /* Resources */ = {
			isa = PBXResourcesBuildPhase;
			buildActionMask = 2147483647;
			files = (
			);
			runOnlyForDeploymentPostprocessing = 0;
		};
/* End PBXResourcesBuildPhase section */

/* Begin PBXSourcesBuildPhase section */
		B8340F7B21DBD29700F0984C /* Sources */ = {
			isa = PBXSourcesBuildPhase;
			buildActionMask = 2147483647;
			files = (
				B8340F8521DBD29700F0984C /* ViewController.swift in Sources */,
				B8340F8321DBD29700F0984C /* AppDelegate.swift in Sources */,
			);
			runOnlyForDeploymentPostprocessing = 0;
		};
		B8340F8F21DBD29900F0984C /* Sources */ = {
			isa = PBXSourcesBuildPhase;
			buildActionMask = 2147483647;
			files = (
				B8340F9821DBD29900F0984C /* OnTheMapTests.swift in Sources */,
			);
			runOnlyForDeploymentPostprocessing = 0;
		};
		B8340F9A21DBD29900F0984C /* Sources */ = {
			isa = PBXSourcesBuildPhase;
			buildActionMask = 2147483647;
			files = (
				B8340FA321DBD29900F0984C /* OnTheMapUITests.swift in Sources */,
			);
			runOnlyForDeploymentPostprocessing = 0;
		};
/* End PBXSourcesBuildPhase section */

/* Begin PBXTargetDependency section */
		B8340F9521DBD29900F0984C /* PBXTargetDependency */ = {
			isa = PBXTargetDependency;
			target = B8340F7E21DBD29700F0984C /* OnTheMap */;
			targetProxy = B8340F9421DBD29900F0984C /* PBXContainerItemProxy */;
		};
		B8340FA021DBD29900F0984C /* PBXTargetDependency */ = {
			isa = PBXTargetDependency;
			target = B8340F7E21DBD29700F0984C /* OnTheMap */;
			targetProxy = B8340F9F21DBD29900F0984C /* PBXContainerItemProxy */;
		};
/* End PBXTargetDependency section */

/* Begin PBXVariantGroup section */
		B8340F8621DBD29700F0984C /* Main.storyboard */ = {
			isa = PBXVariantGroup;
			children = (
				B8340F8721DBD29700F0984C /* Base */,
			);
			name = Main.storyboard;
			sourceTree = "<group>";
		};
		B8340F8B21DBD29800F0984C /* LaunchScreen.storyboard */ = {
			isa = PBXVariantGroup;
			children = (
				B8340F8C21DBD29800F0984C /* Base */,
			);
			name = LaunchScreen.storyboard;
			sourceTree = "<group>";
		};
/* End PBXVariantGroup section */

/* Begin XCBuildConfiguration section */
		B8340FA521DBD29900F0984C /* Debug */ = {
			isa = XCBuildConfiguration;
			buildSettings = {
				ALWAYS_SEARCH_USER_PATHS = NO;
				CLANG_ANALYZER_NONNULL = YES;
				CLANG_ANALYZER_NUMBER_OBJECT_CONVERSION = YES_AGGRESSIVE;
				CLANG_CXX_LANGUAGE_STANDARD = "gnu++14";
				CLANG_CXX_LIBRARY = "libc++";
				CLANG_ENABLE_MODULES = YES;
				CLANG_ENABLE_OBJC_ARC = YES;
				CLANG_ENABLE_OBJC_WEAK = YES;
				CLANG_WARN_BLOCK_CAPTURE_AUTORELEASING = YES;
				CLANG_WARN_BOOL_CONVERSION = YES;
				CLANG_WARN_COMMA = YES;
				CLANG_WARN_CONSTANT_CONVERSION = YES;
				CLANG_WARN_DEPRECATED_OBJC_IMPLEMENTATIONS = YES;
				CLANG_WARN_DIRECT_OBJC_ISA_USAGE = YES_ERROR;
				CLANG_WARN_DOCUMENTATION_COMMENTS = YES;
				CLANG_WARN_EMPTY_BODY = YES;
				CLANG_WARN_ENUM_CONVERSION = YES;
				CLANG_WARN_INFINITE_RECURSION = YES;
				CLANG_WARN_INT_CONVERSION = YES;
				CLANG_WARN_NON_LITERAL_NULL_CONVERSION = YES;
				CLANG_WARN_OBJC_IMPLICIT_RETAIN_SELF = YES;
				CLANG_WARN_OBJC_LITERAL_CONVERSION = YES;
				CLANG_WARN_OBJC_ROOT_CLASS = YES_ERROR;
				CLANG_WARN_RANGE_LOOP_ANALYSIS = YES;
				CLANG_WARN_STRICT_PROTOTYPES = YES;
				CLANG_WARN_SUSPICIOUS_MOVE = YES;
				CLANG_WARN_UNGUARDED_AVAILABILITY = YES_AGGRESSIVE;
				CLANG_WARN_UNREACHABLE_CODE = YES;
				CLANG_WARN__DUPLICATE_METHOD_MATCH = YES;
				CODE_SIGN_IDENTITY = "iPhone Developer";
				COPY_PHASE_STRIP = NO;
				DEBUG_INFORMATION_FORMAT = dwarf;
				ENABLE_STRICT_OBJC_MSGSEND = YES;
				ENABLE_TESTABILITY = YES;
				GCC_C_LANGUAGE_STANDARD = gnu11;
				GCC_DYNAMIC_NO_PIC = NO;
				GCC_NO_COMMON_BLOCKS = YES;
				GCC_OPTIMIZATION_LEVEL = 0;
				GCC_PREPROCESSOR_DEFINITIONS = (
					"DEBUG=1",
					"$(inherited)",
				);
				GCC_WARN_64_TO_32_BIT_CONVERSION = YES;
				GCC_WARN_ABOUT_RETURN_TYPE = YES_ERROR;
				GCC_WARN_UNDECLARED_SELECTOR = YES;
				GCC_WARN_UNINITIALIZED_AUTOS = YES_AGGRESSIVE;
				GCC_WARN_UNUSED_FUNCTION = YES;
				GCC_WARN_UNUSED_VARIABLE = YES;
				IPHONEOS_DEPLOYMENT_TARGET = 12.1;
				MTL_ENABLE_DEBUG_INFO = INCLUDE_SOURCE;
				MTL_FAST_MATH = YES;
				ONLY_ACTIVE_ARCH = YES;
				SDKROOT = iphoneos;
				SWIFT_ACTIVE_COMPILATION_CONDITIONS = DEBUG;
				SWIFT_OPTIMIZATION_LEVEL = "-Onone";
			};
			name = Debug;
		};
		B8340FA621DBD29900F0984C /* Release */ = {
			isa = XCBuildConfiguration;
			buildSettings = {
				ALWAYS_SEARCH_USER_PATHS = NO;
				CLANG_ANALYZER_NONNULL = YES;
				CLANG_ANALYZER_NUMBER_OBJECT_CONVERSION = YES_AGGRESSIVE;
				CLANG_CXX_LANGUAGE_STANDARD = "gnu++14";
				CLANG_CXX_LIBRARY = "libc++";
				CLANG_ENABLE_MODULES = YES;
				CLANG_ENABLE_OBJC_ARC = YES;
				CLANG_ENABLE_OBJC_WEAK = YES;
				CLANG_WARN_BLOCK_CAPTURE_AUTORELEASING = YES;
				CLANG_WARN_BOOL_CONVERSION = YES;
				CLANG_WARN_COMMA = YES;
				CLANG_WARN_CONSTANT_CONVERSION = YES;
				CLANG_WARN_DEPRECATED_OBJC_IMPLEMENTATIONS = YES;
				CLANG_WARN_DIRECT_OBJC_ISA_USAGE = YES_ERROR;
				CLANG_WARN_DOCUMENTATION_COMMENTS = YES;
				CLANG_WARN_EMPTY_BODY = YES;
				CLANG_WARN_ENUM_CONVERSION = YES;
				CLANG_WARN_INFINITE_RECURSION = YES;
				CLANG_WARN_INT_CONVERSION = YES;
				CLANG_WARN_NON_LITERAL_NULL_CONVERSION = YES;
				CLANG_WARN_OBJC_IMPLICIT_RETAIN_SELF = YES;
				CLANG_WARN_OBJC_LITERAL_CONVERSION = YES;
				CLANG_WARN_OBJC_ROOT_CLASS = YES_ERROR;
				CLANG_WARN_RANGE_LOOP_ANALYSIS = YES;
				CLANG_WARN_STRICT_PROTOTYPES = YES;
				CLANG_WARN_SUSPICIOUS_MOVE = YES;
				CLANG_WARN_UNGUARDED_AVAILABILITY = YES_AGGRESSIVE;
				CLANG_WARN_UNREACHABLE_CODE = YES;
				CLANG_WARN__DUPLICATE_METHOD_MATCH = YES;
				CODE_SIGN_IDENTITY = "iPhone Developer";
				COPY_PHASE_STRIP = NO;
				DEBUG_INFORMATION_FORMAT = "dwarf-with-dsym";
				ENABLE_NS_ASSERTIONS = NO;
				ENABLE_STRICT_OBJC_MSGSEND = YES;
				GCC_C_LANGUAGE_STANDARD = gnu11;
				GCC_NO_COMMON_BLOCKS = YES;
				GCC_WARN_64_TO_32_BIT_CONVERSION = YES;
				GCC_WARN_ABOUT_RETURN_TYPE = YES_ERROR;
				GCC_WARN_UNDECLARED_SELECTOR = YES;
				GCC_WARN_UNINITIALIZED_AUTOS = YES_AGGRESSIVE;
				GCC_WARN_UNUSED_FUNCTION = YES;
				GCC_WARN_UNUSED_VARIABLE = YES;
				IPHONEOS_DEPLOYMENT_TARGET = 12.1;
				MTL_ENABLE_DEBUG_INFO = NO;
				MTL_FAST_MATH = YES;
				SDKROOT = iphoneos;
				SWIFT_COMPILATION_MODE = wholemodule;
				SWIFT_OPTIMIZATION_LEVEL = "-O";
				VALIDATE_PRODUCT = YES;
			};
			name = Release;
		};
		B8340FA821DBD29900F0984C /* Debug */ = {
			isa = XCBuildConfiguration;
			buildSettings = {
				ASSETCATALOG_COMPILER_APPICON_NAME = AppIcon;
				CODE_SIGN_STYLE = Automatic;
				INFOPLIST_FILE = OnTheMap/Info.plist;
				LD_RUNPATH_SEARCH_PATHS = (
					"$(inherited)",
					"@executable_path/Frameworks",
				);
				PRODUCT_BUNDLE_IDENTIFIER = com.udacity.OnTheMap;
				PRODUCT_NAME = "$(TARGET_NAME)";
				SWIFT_VERSION = 4.2;
				TARGETED_DEVICE_FAMILY = "1,2";
			};
			name = Debug;
		};
		B8340FA921DBD29900F0984C /* Release */ = {
			isa = XCBuildConfiguration;
			buildSettings = {
				ASSETCATALOG_COMPILER_APPICON_NAME = AppIcon;
				CODE_SIGN_STYLE = Automatic;
				INFOPLIST_FILE = OnTheMap/Info.plist;
				LD_RUNPATH_SEARCH_PATHS = (
					"$(inherited)",
					"@executable_path/Frameworks",
				);
				PRODUCT_BUNDLE_IDENTIFIER = com.udacity.OnTheMap;
				PRODUCT_NAME = "$(TARGET_NAME)";
				SWIFT_VERSION = 4.2;
				TARGETED_DEVICE_FAMILY = "1,2";
			};
			name = Release;
		};
		B8340FAB21DBD29900F0984C /* Debug */ = {
			isa = XCBuildConfiguration;
			buildSettings = {
				ALWAYS_EMBED_SWIFT_STANDARD_LIBRARIES = YES;
				BUNDLE_LOADER = "$(TEST_HOST)";
				CODE_SIGN_STYLE = Automatic;
				INFOPLIST_FILE = OnTheMapTests/Info.plist;
				LD_RUNPATH_SEARCH_PATHS = (
					"$(inherited)",
					"@executable_path/Frameworks",
					"@loader_path/Frameworks",
				);
				PRODUCT_BUNDLE_IDENTIFIER = com.udacity.OnTheMapTests;
				PRODUCT_NAME = "$(TARGET_NAME)";
				SWIFT_VERSION = 4.2;
				TARGETED_DEVICE_FAMILY = "1,2";
				TEST_HOST = "$(BUILT_PRODUCTS_DIR)/OnTheMap.app/OnTheMap";
			};
			name = Debug;
		};
		B8340FAC21DBD29900F0984C /* Release */ = {
			isa = XCBuildConfiguration;
			buildSettings = {
				ALWAYS_EMBED_SWIFT_STANDARD_LIBRARIES = YES;
				BUNDLE_LOADER = "$(TEST_HOST)";
				CODE_SIGN_STYLE = Automatic;
				INFOPLIST_FILE = OnTheMapTests/Info.plist;
				LD_RUNPATH_SEARCH_PATHS = (
					"$(inherited)",
					"@executable_path/Frameworks",
					"@loader_path/Frameworks",
				);
				PRODUCT_BUNDLE_IDENTIFIER = com.udacity.OnTheMapTests;
				PRODUCT_NAME = "$(TARGET_NAME)";
				SWIFT_VERSION = 4.2;
				TARGETED_DEVICE_FAMILY = "1,2";
				TEST_HOST = "$(BUILT_PRODUCTS_DIR)/OnTheMap.app/OnTheMap";
			};
			name = Release;
		};
		B8340FAE21DBD29900F0984C /* Debug */ = {
			isa = XCBuildConfiguration;
			buildSettings = {
				ALWAYS_EMBED_SWIFT_STANDARD_LIBRARIES = YES;
				CODE_SIGN_STYLE = Automatic;
				INFOPLIST_FILE = OnTheMapUITests/Info.plist;
				LD_RUNPATH_SEARCH_PATHS = (
					"$(inherited)",
					"@executable_path/Frameworks",
					"@loader_path/Frameworks",
				);
				PRODUCT_BUNDLE_IDENTIFIER = com.udacity.OnTheMapUITests;
				PRODUCT_NAME = "$(TARGET_NAME)";
				SWIFT_VERSION = 4.2;
				TARGETED_DEVICE_FAMILY = "1,2";
				TEST_TARGET_NAME = OnTheMap;
			};
			name = Debug;
		};
		B8340FAF21DBD29900F0984C /* Release */ = {
			isa = XCBuildConfiguration;
			buildSettings = {
				ALWAYS_EMBED_SWIFT_STANDARD_LIBRARIES = YES;
				CODE_SIGN_STYLE = Automatic;
				INFOPLIST_FILE = OnTheMapUITests/Info.plist;
				LD_RUNPATH_SEARCH_PATHS = (
					"$(inherited)",
					"@executable_path/Frameworks",
					"@loader_path/Frameworks",
				);
				PRODUCT_BUNDLE_IDENTIFIER = com.udacity.OnTheMapUITests;
				PRODUCT_NAME = "$(TARGET_NAME)";
				SWIFT_VERSION = 4.2;
				TARGETED_DEVICE_FAMILY = "1,2";
				TEST_TARGET_NAME = OnTheMap;
			};
			name = Release;
		};
/* End XCBuildConfiguration section */

/* Begin XCConfigurationList section */
		B8340F7A21DBD29700F0984C /* Build configuration list for PBXProject "OnTheMap" */ = {
			isa = XCConfigurationList;
			buildConfigurations = (
				B8340FA521DBD29900F0984C /* Debug */,
				B8340FA621DBD29900F0984C /* Release */,
			);
			defaultConfigurationIsVisible = 0;
			defaultConfigurationName = Release;
		};
		B8340FA721DBD29900F0984C /* Build configuration list for PBXNativeTarget "OnTheMap" */ = {
			isa = XCConfigurationList;
			buildConfigurations = (
				B8340FA821DBD29900F0984C /* Debug */,
				B8340FA921DBD29900F0984C /* Release */,
			);
			defaultConfigurationIsVisible = 0;
			defaultConfigurationName = Release;
		};
		B8340FAA21DBD29900F0984C /* Build configuration list for PBXNativeTarget "OnTheMapTests" */ = {
			isa = XCConfigurationList;
			buildConfigurations = (
				B8340FAB21DBD29900F0984C /* Debug */,
				B8340FAC21DBD29900F0984C /* Release */,
			);
			defaultConfigurationIsVisible = 0;
			defaultConfigurationName = Release;
		};
		B8340FAD21DBD29900F0984C /* Build configuration list for PBXNativeTarget "OnTheMapUITests" */ = {
			isa = XCConfigurationList;
			buildConfigurations = (
				B8340FAE21DBD29900F0984C /* Debug */,
				B8340FAF21DBD29900F0984C /* Release */,
			);
			defaultConfigurationIsVisible = 0;
			defaultConfigurationName = Release;
		};
/* End XCConfigurationList section */
	};
	rootObject = B8340F7721DBD29700F0984C /* Project object */;
}
